<?xml version="1.0" encoding="utf-8"?>
<Project ToolsVersion="17.0" xmlns="http://schemas.microsoft.com/developer/msbuild/2003">
  <ItemGroup>
    <CustomBuild Include="Z:\Projects2022\picoc\vs2022\CMakeFiles\f433cfcf9bb7544ae26ca65c284a7d06\generate.stamp.rule">
      <Filter>CMake Rules</Filter>
    </CustomBuild>
  </ItemGroup>
  <ItemGroup>
    <Filter Include="CMake Rules">
      <UniqueIdentifier>{5A084523-F4F3-3D0D-846D-D485D5610091}</UniqueIdentifier>
    </Filter>
  </ItemGroup>
</Project>
